
Microsoft Visual Studio Solution File, Format Version 12.00
# Visual Studio Version 17
VisualStudioVersion = 17.4.33110.190
MinimumVisualStudioVersion = 10.0.40219.1
Project("{FAE04EC0-301F-11D3-BF4B-00C04F79EFBC}") = "Advent Of Code 2022", "Advent Of Code 2022\Advent Of Code 2022.csproj", "{64C5A2E3-3154-46E0-AC83-68B831DA0814}"
EndProject
Global
	GlobalSection(SolutionConfigurationPlatforms) = preSolution
		Debug|Any CPU = Debug|Any CPU
		Release|Any CPU = Release|Any CPU
	EndGlobalSection
	GlobalSection(ProjectConfigurationPlatforms) = postSolution
		{64C5A2E3-3154-46E0-AC83-68B831DA0814}.Debug|Any CPU.ActiveCfg = Debug|Any CPU
		{64C5A2E3-3154-46E0-AC83-68B831DA0814}.Debug|Any CPU.Build.0 = Debug|Any CPU
		{64C5A2E3-3154-46E0-AC83-68B831DA0814}.Release|Any CPU.ActiveCfg = Release|Any CPU
		{64C5A2E3-3154-46E0-AC83-68B831DA0814}.Release|Any CPU.Build.0 = Release|Any CPU
	EndGlobalSection
	GlobalSection(SolutionProperties) = preSolution
		HideSolutionNode = FALSE
	EndGlobalSection
	GlobalSection(ExtensibilityGlobals) = postSolution
		SolutionGuid = {F6D96D8C-C599-434E-8A91-5D8B892E4459}
	EndGlobalSection
EndGlobal
